
Microsoft Visual Studio Solution File, Format Version 12.00
# Visual Studio Version 16
VisualStudioVersion = 16.0.30611.23
MinimumVisualStudioVersion = 10.0.40219.1
Project("{FAE04EC0-301F-11D3-BF4B-00C04F79EFBC}") = "eAccounting", "eAccounting\eAccounting.csproj", "{DE291699-A4D3-48B3-9E99-FF6FBC7BD935}"
EndProject
Global
	GlobalSection(SolutionConfigurationPlatforms) = preSolution
		Debug|Any CPU = Debug|Any CPU
		Release|Any CPU = Release|Any CPU
	EndGlobalSection
	GlobalSection(ProjectConfigurationPlatforms) = postSolution
		{DE291699-A4D3-48B3-9E99-FF6FBC7BD935}.Debug|Any CPU.ActiveCfg = Debug|Any CPU
		{DE291699-A4D3-48B3-9E99-FF6FBC7BD935}.Debug|Any CPU.Build.0 = Debug|Any CPU
		{DE291699-A4D3-48B3-9E99-FF6FBC7BD935}.Release|Any CPU.ActiveCfg = Release|Any CPU
		{DE291699-A4D3-48B3-9E99-FF6FBC7BD935}.Release|Any CPU.Build.0 = Release|Any CPU
	EndGlobalSection
	GlobalSection(SolutionProperties) = preSolution
		HideSolutionNode = FALSE
	EndGlobalSection
	GlobalSection(ExtensibilityGlobals) = postSolution
		SolutionGuid = {209086DF-2A7A-4FD7-B8CF-A904696256CC}
	EndGlobalSection
EndGlobal
